
Microsoft Visual Studio Solution File, Format Version 12.00
# Visual Studio Version 17
VisualStudioVersion = 17.2.32526.322
MinimumVisualStudioVersion = 10.0.40219.1
Project("{FAE04EC0-301F-11D3-BF4B-00C04F79EFBC}") = "XamarinFormsDemoApplication.Android", "XamarinFormsDemoApplication.Android\XamarinFormsDemoApplication.Android.csproj", "{AC10482E-8499-41C5-A4C5-CCB805270074}"
EndProject
Project("{FAE04EC0-301F-11D3-BF4B-00C04F79EFBC}") = "XamarinFormsDemoApplication.iOS", "XamarinFormsDemoApplication.iOS\XamarinFormsDemoApplication.iOS.csproj", "{941E20A0-3A36-442A-B5A7-51163648C369}"
EndProject
Project("{9A19103F-16F7-4668-BE54-9A1E7A4F7556}") = "XamarinFormsDemoApplication", "XamarinFormsDemoApplication\XamarinFormsDemoApplication.csproj", "{3E04943B-D8B6-43BB-B0D5-749666ECF1D1}"
EndProject
Global
	GlobalSection(SolutionConfigurationPlatforms) = preSolution
		Debug|Any CPU = Debug|Any CPU
		Debug|ARM = Debug|ARM
		Debug|ARM64 = Debug|ARM64
		Debug|iPhone = Debug|iPhone
		Debug|iPhoneSimulator = Debug|iPhoneSimulator
		Debug|x64 = Debug|x64
		Debug|x86 = Debug|x86
		Release|Any CPU = Release|Any CPU
		Release|ARM = Release|ARM
		Release|ARM64 = Release|ARM64
		Release|iPhone = Release|iPhone
		Release|iPhoneSimulator = Release|iPhoneSimulator
		Release|x64 = Release|x64
		Release|x86 = Release|x86
	EndGlobalSection
	GlobalSection(ProjectConfigurationPlatforms) = postSolution
		{AC10482E-8499-41C5-A4C5-CCB805270074}.Debug|Any CPU.ActiveCfg = Debug|Any CPU
		{AC10482E-8499-41C5-A4C5-CCB805270074}.Debug|Any CPU.Deploy.0 = Debug|Any CPU
		{AC10482E-8499-41C5-A4C5-CCB805270074}.Debug|ARM.ActiveCfg = Debug|Any CPU
		{AC10482E-8499-41C5-A4C5-CCB805270074}.Debug|ARM.Build.0 = Debug|Any CPU
		{AC10482E-8499-41C5-A4C5-CCB805270074}.Debug|ARM.Deploy.0 = Debug|Any CPU
		{AC10482E-8499-41C5-A4C5-CCB805270074}.Debug|ARM64.ActiveCfg = Debug|Any CPU
		{AC10482E-8499-41C5-A4C5-CCB805270074}.Debug|ARM64.Build.0 = Debug|Any CPU
		{AC10482E-8499-41C5-A4C5-CCB805270074}.Debug|ARM64.Deploy.0 = Debug|Any CPU
		{AC10482E-8499-41C5-A4C5-CCB805270074}.Debug|iPhone.ActiveCfg = Debug|Any CPU
		{AC10482E-8499-41C5-A4C5-CCB805270074}.Debug|iPhoneSimulator.ActiveCfg = Debug|Any CPU
		{AC10482E-8499-41C5-A4C5-CCB805270074}.Debug|iPhoneSimulator.Build.0 = Debug|Any CPU
		{AC10482E-8499-41C5-A4C5-CCB805270074}.Debug|iPhoneSimulator.Deploy.0 = Debug|Any CPU
		{AC10482E-8499-41C5-A4C5-CCB805270074}.Debug|x64.ActiveCfg = Debug|Any CPU
		{AC10482E-8499-41C5-A4C5-CCB805270074}.Debug|x64.Build.0 = Debug|Any CPU
		{AC10482E-8499-41C5-A4C5-CCB805270074}.Debug|x64.Deploy.0 = Debug|Any CPU
		{AC10482E-8499-41C5-A4C5-CCB805270074}.Debug|x86.ActiveCfg = Debug|Any CPU
		{AC10482E-8499-41C5-A4C5-CCB805270074}.Debug|x86.Build.0 = Debug|Any CPU
		{AC10482E-8499-41C5-A4C5-CCB805270074}.Debug|x86.Deploy.0 = Debug|Any CPU
		{AC10482E-8499-41C5-A4C5-CCB805270074}.Release|Any CPU.ActiveCfg = Release|Any CPU
		{AC10482E-8499-41C5-A4C5-CCB805270074}.Release|Any CPU.Build.0 = Release|Any CPU
		{AC10482E-8499-41C5-A4C5-CCB805270074}.Release|Any CPU.Deploy.0 = Release|Any CPU
		{AC10482E-8499-41C5-A4C5-CCB805270074}.Release|ARM.ActiveCfg = Release|Any CPU
		{AC10482E-8499-41C5-A4C5-CCB805270074}.Release|ARM.Build.0 = Release|Any CPU
		{AC10482E-8499-41C5-A4C5-CCB805270074}.Release|ARM.Deploy.0 = Release|Any CPU
		{AC10482E-8499-41C5-A4C5-CCB805270074}.Release|ARM64.ActiveCfg = Release|Any CPU
		{AC10482E-8499-41C5-A4C5-CCB805270074}.Release|ARM64.Build.0 = Release|Any CPU
		{AC10482E-8499-41C5-A4C5-CCB805270074}.Release|ARM64.Deploy.0 = Release|Any CPU
		{AC10482E-8499-41C5-A4C5-CCB805270074}.Release|iPhone.ActiveCfg = Release|Any CPU
		{AC10482E-8499-41C5-A4C5-CCB805270074}.Release|iPhone.Deploy.0 = Release|Any CPU
		{AC10482E-8499-41C5-A4C5-CCB805270074}.Release|iPhoneSimulator.ActiveCfg = Release|Any CPU
		{AC10482E-8499-41C5-A4C5-CCB805270074}.Release|iPhoneSimulator.Build.0 = Release|Any CPU
		{AC10482E-8499-41C5-A4C5-CCB805270074}.Release|iPhoneSimulator.Deploy.0 = Release|Any CPU
		{AC10482E-8499-41C5-A4C5-CCB805270074}.Release|x64.ActiveCfg = Release|Any CPU
		{AC10482E-8499-41C5-A4C5-CCB805270074}.Release|x64.Build.0 = Release|Any CPU
		{AC10482E-8499-41C5-A4C5-CCB805270074}.Release|x64.Deploy.0 = Release|Any CPU
		{AC10482E-8499-41C5-A4C5-CCB805270074}.Release|x86.ActiveCfg = Release|Any CPU
		{AC10482E-8499-41C5-A4C5-CCB805270074}.Release|x86.Build.0 = Release|Any CPU
		{AC10482E-8499-41C5-A4C5-CCB805270074}.Release|x86.Deploy.0 = Release|Any CPU
		{941E20A0-3A36-442A-B5A7-51163648C369}.Debug|Any CPU.ActiveCfg = Debug|iPhone
		{941E20A0-3A36-442A-B5A7-51163648C369}.Debug|Any CPU.Build.0 = Debug|iPhone
		{941E20A0-3A36-442A-B5A7-51163648C369}.Debug|Any CPU.Deploy.0 = Debug|iPhone
		{941E20A0-3A36-442A-B5A7-51163648C369}.Debug|ARM.ActiveCfg = Debug|iPhoneSimulator
		{941E20A0-3A36-442A-B5A7-51163648C369}.Debug|ARM64.ActiveCfg = Debug|iPhoneSimulator
		{941E20A0-3A36-442A-B5A7-51163648C369}.Debug|iPhone.ActiveCfg = Debug|iPhone
		{941E20A0-3A36-442A-B5A7-51163648C369}.Debug|iPhone.Build.0 = Debug|iPhone
		{941E20A0-3A36-442A-B5A7-51163648C369}.Debug|iPhone.Deploy.0 = Debug|iPhone
		{941E20A0-3A36-442A-B5A7-51163648C369}.Debug|iPhoneSimulator.ActiveCfg = Debug|iPhoneSimulator
		{941E20A0-3A36-442A-B5A7-51163648C369}.Debug|iPhoneSimulator.Build.0 = Debug|iPhoneSimulator
		{941E20A0-3A36-442A-B5A7-51163648C369}.Debug|iPhoneSimulator.Deploy.0 = Debug|iPhoneSimulator
		{941E20A0-3A36-442A-B5A7-51163648C369}.Debug|x64.ActiveCfg = Debug|iPhoneSimulator
		{941E20A0-3A36-442A-B5A7-51163648C369}.Debug|x64.Build.0 = Debug|iPhoneSimulator
		{941E20A0-3A36-442A-B5A7-51163648C369}.Debug|x86.ActiveCfg = Debug|iPhoneSimulator
		{941E20A0-3A36-442A-B5A7-51163648C369}.Debug|x86.Build.0 = Debug|iPhoneSimulator
		{941E20A0-3A36-442A-B5A7-51163648C369}.Release|Any CPU.ActiveCfg = Release|iPhoneSimulator
		{941E20A0-3A36-442A-B5A7-51163648C369}.Release|Any CPU.Deploy.0 = Release|iPhoneSimulator
		{941E20A0-3A36-442A-B5A7-51163648C369}.Release|ARM.ActiveCfg = Release|iPhone
		{941E20A0-3A36-442A-B5A7-51163648C369}.Release|ARM.Build.0 = Release|iPhone
		{941E20A0-3A36-442A-B5A7-51163648C369}.Release|ARM64.ActiveCfg = Release|iPhone
		{941E20A0-3A36-442A-B5A7-51163648C369}.Release|ARM64.Build.0 = Release|iPhone
		{941E20A0-3A36-442A-B5A7-51163648C369}.Release|iPhone.ActiveCfg = Release|iPhone
		{941E20A0-3A36-442A-B5A7-51163648C369}.Release|iPhone.Build.0 = Release|iPhone
		{941E20A0-3A36-442A-B5A7-51163648C369}.Release|iPhone.Deploy.0 = Release|iPhone
		{941E20A0-3A36-442A-B5A7-51163648C369}.Release|iPhoneSimulator.ActiveCfg = Release|iPhoneSimulator
		{941E20A0-3A36-442A-B5A7-51163648C369}.Release|iPhoneSimulator.Build.0 = Release|iPhoneSimulator
		{941E20A0-3A36-442A-B5A7-51163648C369}.Release|iPhoneSimulator.Deploy.0 = Release|iPhoneSimulator
		{941E20A0-3A36-442A-B5A7-51163648C369}.Release|x64.ActiveCfg = Release|iPhone
		{941E20A0-3A36-442A-B5A7-51163648C369}.Release|x64.Build.0 = Release|iPhone
		{941E20A0-3A36-442A-B5A7-51163648C369}.Release|x86.ActiveCfg = Release|iPhone
		{941E20A0-3A36-442A-B5A7-51163648C369}.Release|x86.Build.0 = Release|iPhone
		{3E04943B-D8B6-43BB-B0D5-749666ECF1D1}.Debug|Any CPU.ActiveCfg = Debug|Any CPU
		{3E04943B-D8B6-43BB-B0D5-749666ECF1D1}.Debug|Any CPU.Build.0 = Debug|Any CPU
		{3E04943B-D8B6-43BB-B0D5-749666ECF1D1}.Debug|Any CPU.Deploy.0 = Debug|Any CPU
		{3E04943B-D8B6-43BB-B0D5-749666ECF1D1}.Debug|ARM.ActiveCfg = Debug|Any CPU
		{3E04943B-D8B6-43BB-B0D5-749666ECF1D1}.Debug|ARM.Build.0 = Debug|Any CPU
		{3E04943B-D8B6-43BB-B0D5-749666ECF1D1}.Debug|ARM64.ActiveCfg = Debug|Any CPU
		{3E04943B-D8B6-43BB-B0D5-749666ECF1D1}.Debug|ARM64.Build.0 = Debug|Any CPU
		{3E04943B-D8B6-43BB-B0D5-749666ECF1D1}.Debug|iPhone.ActiveCfg = Debug|Any CPU
		{3E04943B-D8B6-43BB-B0D5-749666ECF1D1}.Debug|iPhone.Build.0 = Debug|Any CPU
		{3E04943B-D8B6-43BB-B0D5-749666ECF1D1}.Debug|iPhone.Deploy.0 = Debug|Any CPU
		{3E04943B-D8B6-43BB-B0D5-749666ECF1D1}.Debug|iPhoneSimulator.ActiveCfg = Debug|Any CPU
		{3E04943B-D8B6-43BB-B0D5-749666ECF1D1}.Debug|iPhoneSimulator.Build.0 = Debug|Any CPU
		{3E04943B-D8B6-43BB-B0D5-749666ECF1D1}.Debug|iPhoneSimulator.Deploy.0 = Debug|Any CPU
		{3E04943B-D8B6-43BB-B0D5-749666ECF1D1}.Debug|x64.ActiveCfg = Debug|Any CPU
		{3E04943B-D8B6-43BB-B0D5-749666ECF1D1}.Debug|x64.Build.0 = Debug|Any CPU
		{3E04943B-D8B6-43BB-B0D5-749666ECF1D1}.Debug|x86.ActiveCfg = Debug|Any CPU
		{3E04943B-D8B6-43BB-B0D5-749666ECF1D1}.Debug|x86.Build.0 = Debug|Any CPU
		{3E04943B-D8B6-43BB-B0D5-749666ECF1D1}.Release|Any CPU.ActiveCfg = Release|Any CPU
		{3E04943B-D8B6-43BB-B0D5-749666ECF1D1}.Release|Any CPU.Build.0 = Release|Any CPU
		{3E04943B-D8B6-43BB-B0D5-749666ECF1D1}.Release|Any CPU.Deploy.0 = Release|Any CPU
		{3E04943B-D8B6-43BB-B0D5-749666ECF1D1}.Release|ARM.ActiveCfg = Release|Any CPU
		{3E04943B-D8B6-43BB-B0D5-749666ECF1D1}.Release|ARM.Build.0 = Release|Any CPU
		{3E04943B-D8B6-43BB-B0D5-749666ECF1D1}.Release|ARM64.ActiveCfg = Release|Any CPU
		{3E04943B-D8B6-43BB-B0D5-749666ECF1D1}.Release|ARM64.Build.0 = Release|Any CPU
		{3E04943B-D8B6-43BB-B0D5-749666ECF1D1}.Release|iPhone.ActiveCfg = Release|Any CPU
		{3E04943B-D8B6-43BB-B0D5-749666ECF1D1}.Release|iPhone.Build.0 = Release|Any CPU
		{3E04943B-D8B6-43BB-B0D5-749666ECF1D1}.Release|iPhone.Deploy.0 = Release|Any CPU
		{3E04943B-D8B6-43BB-B0D5-749666ECF1D1}.Release|iPhoneSimulator.ActiveCfg = Release|Any CPU
		{3E04943B-D8B6-43BB-B0D5-749666ECF1D1}.Release|iPhoneSimulator.Build.0 = Release|Any CPU
		{3E04943B-D8B6-43BB-B0D5-749666ECF1D1}.Release|iPhoneSimulator.Deploy.0 = Release|Any CPU
		{3E04943B-D8B6-43BB-B0D5-749666ECF1D1}.Release|x64.ActiveCfg = Release|Any CPU
		{3E04943B-D8B6-43BB-B0D5-749666ECF1D1}.Release|x64.Build.0 = Release|Any CPU
		{3E04943B-D8B6-43BB-B0D5-749666ECF1D1}.Release|x86.ActiveCfg = Release|Any CPU
		{3E04943B-D8B6-43BB-B0D5-749666ECF1D1}.Release|x86.Build.0 = Release|Any CPU
	EndGlobalSection
	GlobalSection(SolutionProperties) = preSolution
		HideSolutionNode = FALSE
	EndGlobalSection
	GlobalSection(ExtensibilityGlobals) = postSolution
		SolutionGuid = {A837E9B2-C1F9-41B4-9497-C3055661F6F8}
	EndGlobalSection
EndGlobal
